
Microsoft Visual Studio Solution File, Format Version 12.00
# Visual Studio Version 16
VisualStudioVersion = 16.0.30104.148
MinimumVisualStudioVersion = 10.0.40219.1
Project("{9A19103F-16F7-4668-BE54-9A1E7A4F7556}") = "Magazyn", "Magazyn\Magazyn.csproj", "{E9E08673-38A4-4A61-B96E-2DD246858176}"
EndProject
Global
	GlobalSection(SolutionConfigurationPlatforms) = preSolution
		Debug|Any CPU = Debug|Any CPU
		Release|Any CPU = Release|Any CPU
	EndGlobalSection
	GlobalSection(ProjectConfigurationPlatforms) = postSolution
		{E9E08673-38A4-4A61-B96E-2DD246858176}.Debug|Any CPU.ActiveCfg = Debug|Any CPU
		{E9E08673-38A4-4A61-B96E-2DD246858176}.Debug|Any CPU.Build.0 = Debug|Any CPU
		{E9E08673-38A4-4A61-B96E-2DD246858176}.Release|Any CPU.ActiveCfg = Release|Any CPU
		{E9E08673-38A4-4A61-B96E-2DD246858176}.Release|Any CPU.Build.0 = Release|Any CPU
	EndGlobalSection
	GlobalSection(SolutionProperties) = preSolution
		HideSolutionNode = FALSE
	EndGlobalSection
	GlobalSection(ExtensibilityGlobals) = postSolution
		SolutionGuid = {414C8BA6-50D5-4CD9-8890-DA3BED4D9D88}
	EndGlobalSection
EndGlobal
